
Microsoft Visual Studio Solution File, Format Version 12.00
# Visual Studio Version 17
VisualStudioVersion = 17.4.33103.184
MinimumVisualStudioVersion = 10.0.40219.1
Project("{9A19103F-16F7-4668-BE54-9A1E7A4F7556}") = "1", "1\1.csproj", "{B296893B-C441-47B4-BC4F-33D383D4A394}"
EndProject
Project("{9A19103F-16F7-4668-BE54-9A1E7A4F7556}") = "2", "2\2.csproj", "{6D4D85B0-30ED-44C5-BAAC-0B2A496E7043}"
EndProject
Project("{9A19103F-16F7-4668-BE54-9A1E7A4F7556}") = "Main", "Main\Main.csproj", "{D8333AE8-3EB1-4E32-8C4C-7EDE28F674E2}"
EndProject
Project("{FAE04EC0-301F-11D3-BF4B-00C04F79EFBC}") = "3", "3\3.csproj", "{244AD5D3-F6B7-409C-BD28-6DCE880C25C7}"
EndProject
Global
	GlobalSection(SolutionConfigurationPlatforms) = preSolution
		Debug|Any CPU = Debug|Any CPU
		Release|Any CPU = Release|Any CPU
	EndGlobalSection
	GlobalSection(ProjectConfigurationPlatforms) = postSolution
		{B296893B-C441-47B4-BC4F-33D383D4A394}.Debug|Any CPU.ActiveCfg = Debug|Any CPU
		{B296893B-C441-47B4-BC4F-33D383D4A394}.Debug|Any CPU.Build.0 = Debug|Any CPU
		{B296893B-C441-47B4-BC4F-33D383D4A394}.Release|Any CPU.ActiveCfg = Release|Any CPU
		{B296893B-C441-47B4-BC4F-33D383D4A394}.Release|Any CPU.Build.0 = Release|Any CPU
		{6D4D85B0-30ED-44C5-BAAC-0B2A496E7043}.Debug|Any CPU.ActiveCfg = Debug|Any CPU
		{6D4D85B0-30ED-44C5-BAAC-0B2A496E7043}.Debug|Any CPU.Build.0 = Debug|Any CPU
		{6D4D85B0-30ED-44C5-BAAC-0B2A496E7043}.Release|Any CPU.ActiveCfg = Release|Any CPU
		{6D4D85B0-30ED-44C5-BAAC-0B2A496E7043}.Release|Any CPU.Build.0 = Release|Any CPU
		{D8333AE8-3EB1-4E32-8C4C-7EDE28F674E2}.Debug|Any CPU.ActiveCfg = Debug|Any CPU
		{D8333AE8-3EB1-4E32-8C4C-7EDE28F674E2}.Debug|Any CPU.Build.0 = Debug|Any CPU
		{D8333AE8-3EB1-4E32-8C4C-7EDE28F674E2}.Release|Any CPU.ActiveCfg = Release|Any CPU
		{D8333AE8-3EB1-4E32-8C4C-7EDE28F674E2}.Release|Any CPU.Build.0 = Release|Any CPU
		{244AD5D3-F6B7-409C-BD28-6DCE880C25C7}.Debug|Any CPU.ActiveCfg = Debug|Any CPU
		{244AD5D3-F6B7-409C-BD28-6DCE880C25C7}.Debug|Any CPU.Build.0 = Debug|Any CPU
		{244AD5D3-F6B7-409C-BD28-6DCE880C25C7}.Release|Any CPU.ActiveCfg = Release|Any CPU
		{244AD5D3-F6B7-409C-BD28-6DCE880C25C7}.Release|Any CPU.Build.0 = Release|Any CPU
	EndGlobalSection
	GlobalSection(SolutionProperties) = preSolution
		HideSolutionNode = FALSE
	EndGlobalSection
	GlobalSection(ExtensibilityGlobals) = postSolution
		SolutionGuid = {1794BE99-B7B4-41BE-9F4C-45BA599A786F}
	EndGlobalSection
EndGlobal
